version = 1
revision = 3
requires-python = ">=3.13"

[[package]]
name = "flatbuffers"
version = "25.12.19"
source = { registry = "https://pypi.org/simple" }
wheels = [
    { url = "https://files.pythonhosted.org/packages/e8/2d/d2a548598be01649e2d46231d151a6c56d10b964d94043a335ae56ea2d92/flatbuffers-25.12.19-py2.py3-none-any.whl", hash = "sha256:7634f50c427838bb021c2d66a3d1168e9d199b0607e6329399f04846d42e20b4", size = 26661, upload-time = "2025-12-19T23:16:13.622Z" },
]

[[package]]
name = "govor-sr"
version = "0.1.0"
source = { virtual = "." }
dependencies = [
    { name = "onnx-asr", extra = ["cpu"] },
    { name = "pyqt6" },
]

[package.metadata]
requires-dist = [
    { name = "onnx-asr", extras = ["cpu"], specifier = ">=0.11.0" },
    { name = "pyqt6", specifier = ">=6.11.0" },
]

[[package]]
name = "mpmath"
version = "1.3.0"
source = { registry = "https://pypi.org/simple" }
sdist = { url = "https://files.pythonhosted.org/packages/e0/47/dd32fa426cc72114383ac549964eecb20ecfd886d1e5ccf5340b55b02f57/mpmath-1.3.0.tar.gz", hash = "sha256:7a28eb2a9774d00c7bc92411c19a89209d5da7c4c9a9e227be8330a23a25b91f", size = 508106, upload-time = "2023-03-07T16:47:11.061Z" }
wheels = [
    { url = "https://files.pythonhosted.org/packages/43/e3/7d92a15f894aa0c9c4b49b8ee9ac9850d6e63b03c9c32c0367a13ae62209/mpmath-1.3.0-py3-none-any.whl", hash = "sha256:a0b2b9fe80bbcd81a6647ff13108738cfb482d481d826cc0e02f5b35e5c88d2c", size = 536198, upload-time = "2023-03-07T16:47:09.197Z" },
]

[[package]]
name = "numpy"
version = "2.4.4"
source = { registry = "https://pypi.org/simple" }
sdist = { url = "https://files.pythonhosted.org/packages/d7/9f/b8cef5bffa569759033adda9481211426f12f53299629b410340795c2514/numpy-2.4.4.tar.gz", hash = "sha256:2d390634c5182175533585cc89f3608a4682ccb173cc9bb940b2881c8d6f8fa0", size = 20731587, upload-time = "2026-03-29T13:22:01.298Z" }
wheels = [
    { url = "https://files.pythonhosted.org/packages/14/1d/d0a583ce4fefcc3308806a749a536c201ed6b5ad6e1322e227ee4848979d/numpy-2.4.4-cp313-cp313-macosx_10_13_x86_64.whl", hash = "sha256:08f2e31ed5e6f04b118e49821397f12767934cfdd12a1ce86a058f91e004ee50", size = 16684933, upload-time = "2026-03-29T13:19:22.47Z" },
    { url = "https://files.pythonhosted.org/packages/c1/62/2b7a48fbb745d344742c0277f01286dead15f3f68e4f359fbfcf7b48f70f/numpy-2.4.4-cp313-cp313-macosx_11_0_arm64.whl", hash = "sha256:e823b8b6edc81e747526f70f71a9c0a07ac4e7ad13020aa736bb7c9d67196115", size = 14694532, upload-time = "2026-03-29T13:19:25.581Z" },
    { url = "https://files.pythonhosted.org/packages/e5/87/499737bfba066b4a3bebff24a8f1c5b2dee410b209bc6668c9be692580f0/numpy-2.4.4-cp313-cp313-macosx_14_0_arm64.whl", hash = "sha256:4a19d9dba1a76618dd86b164d608566f393f8ec6ac7c44f0cc879011c45e65af", size = 5199661, upload-time = "2026-03-29T13:19:28.31Z" },
    { url = "https://files.pythonhosted.org/packages/cd/da/464d551604320d1491bc345efed99b4b7034143a85787aab78d5691d5a0e/numpy-2.4.4-cp313-cp313-macosx_14_0_x86_64.whl", hash = "sha256:d2a8490669bfe99a233298348acc2d824d496dee0e66e31b66a6022c2ad74a5c", size = 6547539, upload-time = "2026-03-29T13:19:30.97Z" },
    { url = "https://files.pythonhosted.org/packages/7d/90/8d23e3b0dafd024bf31bdec225b3bb5c2dbfa6912f8a53b8659f21216cbf/numpy-2.4.4-cp313-cp313-manylinux_2_27_aarch64.manylinux_2_28_aarch64.whl", hash = "sha256:45dbed2ab436a9e826e302fcdcbe9133f9b0006e5af7168afb8963a6520da103", size = 15668806, upload-time = "2026-03-29T13:19:33.887Z" },
    { url = "https://files.pythonhosted.org/packages/d1/73/a9d864e42a01896bb5974475438f16086be9ba1f0d19d0bb7a07427c4a8b/numpy-2.4.4-cp313-cp313-manylinux_2_27_x86_64.manylinux_2_28_x86_64.whl", hash = "sha256:c901b15172510173f5cb310eae652908340f8dede90fff9e3bf6c0d8dfd92f83", size = 16632682, upload-time = "2026-03-29T13:19:37.336Z" },
    { url = "https://files.pythonhosted.org/packages/34/fb/14570d65c3bde4e202a031210475ae9cde9b7686a2e7dc97ee67d2833b35/numpy-2.4.4-cp313-cp313-musllinux_1_2_aarch64.whl", hash = "sha256:99d838547ace2c4aace6c4f76e879ddfe02bb58a80c1549928477862b7a6d6ed", size = 17019810, upload-time = "2026-03-29T13:19:40.963Z" },
    { url = "https://files.pythonhosted.org/packages/8a/77/2ba9d87081fd41f6d640c83f26fb7351e536b7ce6dd9061b6af5904e8e46/numpy-2.4.4-cp313-cp313-musllinux_1_2_x86_64.whl", hash = "sha256:0aec54fd785890ecca25a6003fd9a5aed47ad607bbac5cd64f836ad8666f4959", size = 18357394, upload-time = "2026-03-29T13:19:44.859Z" },
    { url = "https://files.pythonhosted.org/packages/a2/23/52666c9a41708b0853fa3b1a12c90da38c507a3074883823126d4e9d5b30/numpy-2.4.4-cp313-cp313-win32.whl", hash = "sha256:07077278157d02f65c43b1b26a3886bce886f95d20aabd11f87932750dfb14ed", size = 5959556, upload-time = "2026-03-29T13:19:47.661Z" },
    { url = "https://files.pythonhosted.org/packages/57/fb/48649b4971cde70d817cf97a2a2fdc0b4d8308569f1dd2f2611959d2e0cf/numpy-2.4.4-cp313-cp313-win_amd64.whl", hash = "sha256:5c70f1cc1c4efbe316a572e2d8b9b9cc44e89b95f79ca3331553fbb63716e2bf", size = 12317311, upload-time = "2026-03-29T13:19:50.67Z" },
    { url = "https://files.pythonhosted.org/packages/ba/d8/11490cddd564eb4de97b4579ef6bfe6a736cc07e94c1598590ae25415e01/numpy-2.4.4-cp313-cp313-win_arm64.whl", hash = "sha256:ef4059d6e5152fa1a39f888e344c73fdc926e1b2dd58c771d67b0acfbf2aa67d", size = 10222060, upload-time = "2026-03-29T13:19:54.229Z" },
    { url = "https://files.pythonhosted.org/packages/99/5d/dab4339177a905aad3e2221c915b35202f1ec30d750dd2e5e9d9a72b804b/numpy-2.4.4-cp313-cp313t-macosx_11_0_arm64.whl", hash = "sha256:4bbc7f303d125971f60ec0aaad5e12c62d0d2c925f0ab1273debd0e4ba37aba5", size = 14822302, upload-time = "2026-03-29T13:19:57.585Z" },
    { url = "https://files.pythonhosted.org/packages/eb/e4/0564a65e7d3d97562ed6f9b0fd0fb0a6f559ee444092f105938b50043876/numpy-2.4.4-cp313-cp313t-macosx_14_0_arm64.whl", hash = "sha256:4d6d57903571f86180eb98f8f0c839fa9ebbfb031356d87f1361be91e433f5b7", size = 5327407, upload-time = "2026-03-29T13:20:00.601Z" },
    { url = "https://files.pythonhosted.org/packages/29/8d/35a3a6ce5ad371afa58b4700f1c820f8f279948cca32524e0a695b0ded83/numpy-2.4.4-cp313-cp313t-macosx_14_0_x86_64.whl", hash = "sha256:4636de7fd195197b7535f231b5de9e4b36d2c440b6e566d2e4e4746e6af0ca93", size = 6647631, upload-time = "2026-03-29T13:20:02.855Z" },
    { url = "https://files.pythonhosted.org/packages/f4/da/477731acbd5a58a946c736edfdabb2ac5b34c3d08d1ba1a7b437fa0884df/numpy-2.4.4-cp313-cp313t-manylinux_2_27_aarch64.manylinux_2_28_aarch64.whl", hash = "sha256:ad2e2ef14e0b04e544ea2fa0a36463f847f113d314aa02e5b402fdf910ef309e", size = 15727691, upload-time = "2026-03-29T13:20:06.004Z" },
    { url = "https://files.pythonhosted.org/packages/e6/db/338535d9b152beabeb511579598418ba0212ce77cf9718edd70262cc4370/numpy-2.4.4-cp313-cp313t-manylinux_2_27_x86_64.manylinux_2_28_x86_64.whl", hash = "sha256:5a285b3b96f951841799528cd1f4f01cd70e7e0204b4abebac9463eecfcf2a40", size = 16681241, upload-time = "2026-03-29T13:20:09.417Z" },
    { url = "https://files.pythonhosted.org/packages/e2/a9/ad248e8f58beb7a0219b413c9c7d8151c5d285f7f946c3e26695bdbbe2df/numpy-2.4.4-cp313-cp313t-musllinux_1_2_aarch64.whl", hash = "sha256:f8474c4241bc18b750be2abea9d7a9ec84f46ef861dbacf86a4f6e043401f79e", size = 17085767, upload-time = "2026-03-29T13:20:13.126Z" },
    { url = "https://files.pythonhosted.org/packages/b5/1a/3b88ccd3694681356f70da841630e4725a7264d6a885c8d442a697e1146b/numpy-2.4.4-cp313-cp313t-musllinux_1_2_x86_64.whl", hash = "sha256:4e874c976154687c1f71715b034739b45c7711bec81db01914770373d125e392", size = 18403169, upload-time = "2026-03-29T13:20:17.096Z" },
    { url = "https://files.pythonhosted.org/packages/c2/c9/fcfd5d0639222c6eac7f304829b04892ef51c96a75d479214d77e3ce6e33/numpy-2.4.4-cp313-cp313t-win32.whl", hash = "sha256:9c585a1790d5436a5374bac930dad6ed244c046ed91b2b2a3634eb2971d21008", size = 6083477, upload-time = "2026-03-29T13:20:20.195Z" },
    { url = "https://files.pythonhosted.org/packages/d5/e3/3938a61d1c538aaec8ed6fd6323f57b0c2d2d2219512434c5c878db76553/numpy-2.4.4-cp313-cp313t-win_amd64.whl", hash = "sha256:93e15038125dc1e5345d9b5b68aa7f996ec33b98118d18c6ca0d0b7d6198b7e8", size = 12457487, upload-time = "2026-03-29T13:20:22.946Z" },
    { url = "https://files.pythonhosted.org/packages/97/6a/7e345032cc60501721ef94e0e30b60f6b0bd601f9174ebd36389a2b86d40/numpy-2.4.4-cp313-cp313t-win_arm64.whl", hash = "sha256:0dfd3f9d3adbe2920b68b5cd3d51444e13a10792ec7154cd0a2f6e74d4ab3233", size = 10292002, upload-time = "2026-03-29T13:20:25.909Z" },
    { url = "https://files.pythonhosted.org/packages/6e/06/c54062f85f673dd5c04cbe2f14c3acb8c8b95e3384869bb8cc9bff8cb9df/numpy-2.4.4-cp314-cp314-macosx_10_15_x86_64.whl", hash = "sha256:f169b9a863d34f5d11b8698ead99febeaa17a13ca044961aa8e2662a6c7766a0", size = 16684353, upload-time = "2026-03-29T13:20:29.504Z" },
    { url = "https://files.pythonhosted.org/packages/4c/39/8a320264a84404c74cc7e79715de85d6130fa07a0898f67fb5cd5bd79908/numpy-2.4.4-cp314-cp314-macosx_11_0_arm64.whl", hash = "sha256:2483e4584a1cb3092da4470b38866634bafb223cbcd551ee047633fd2584599a", size = 14704914, upload-time = "2026-03-29T13:20:33.547Z" },
    { url = "https://files.pythonhosted.org/packages/91/fb/287076b2614e1d1044235f50f03748f31fa287e3dbe6abeb35cdfa351eca/numpy-2.4.4-cp314-cp314-macosx_14_0_arm64.whl", hash = "sha256:2d19e6e2095506d1736b7d80595e0f252d76b89f5e715c35e06e937679ea7d7a", size = 5210005, upload-time = "2026-03-29T13:20:36.45Z" },
    { url = "https://files.pythonhosted.org/packages/63/eb/fcc338595309910de6ecabfcef2419a9ce24399680bfb149421fa2df1280/numpy-2.4.4-cp314-cp314-macosx_14_0_x86_64.whl", hash = "sha256:6a246d5914aa1c820c9443ddcee9c02bec3e203b0c080349533fae17727dfd1b", size = 6544974, upload-time = "2026-03-29T13:20:39.014Z" },
    { url = "https://files.pythonhosted.org/packages/44/5d/e7e9044032a716cdfaa3fba27a8e874bf1c5f1912a1ddd4ed071bf8a14a6/numpy-2.4.4-cp314-cp314-manylinux_2_27_aarch64.manylinux_2_28_aarch64.whl", hash = "sha256:989824e9faf85f96ec9c7761cd8d29c531ad857bfa1daa930cba85baaecf1a9a", size = 15684591, upload-time = "2026-03-29T13:20:42.146Z" },
    { url = "https://files.pythonhosted.org/packages/98/7c/21252050676612625449b4807d6b695b9ce8a7c9e1c197ee6216c8a65c7c/numpy-2.4.4-cp314-cp314-manylinux_2_27_x86_64.manylinux_2_28_x86_64.whl", hash = "sha256:27a8d92cd10f1382a67d7cf4db7ce18341b66438bdd9f691d7b0e48d104c2a9d", size = 16637700, upload-time = "2026-03-29T13:20:46.204Z" },
    { url = "https://files.pythonhosted.org/packages/b1/29/56d2bbef9465db24ef25393383d761a1af4f446a1df9b8cded4fe3a5a5d7/numpy-2.4.4-cp314-cp314-musllinux_1_2_aarch64.whl", hash = "sha256:e44319a2953c738205bf3354537979eaa3998ed673395b964c1176083dd46252", size = 17035781, upload-time = "2026-03-29T13:20:50.242Z" },
    { url = "https://files.pythonhosted.org/packages/e3/2b/a35a6d7589d21f44cea7d0a98de5ddcbb3d421b2622a5c96b1edf18707c3/numpy-2.4.4-cp314-cp314-musllinux_1_2_x86_64.whl", hash = "sha256:e892aff75639bbef0d2a2cfd55535510df26ff92f63c92cd84ef8d4ba5a5557f", size = 18362959, upload-time = "2026-03-29T13:20:54.019Z" },
    { url = "https://files.pythonhosted.org/packages/64/c9/d52ec581f2390e0f5f85cbfd80fb83d965fc15e9f0e1aec2195faa142cde/numpy-2.4.4-cp314-cp314-win32.whl", hash = "sha256:1378871da56ca8943c2ba674530924bb8ca40cd228358a3b5f302ad60cf875fc", size = 6008768, upload-time = "2026-03-29T13:20:56.912Z" },
    { url = "https://files.pythonhosted.org/packages/fa/22/4cc31a62a6c7b74a8730e31a4274c5dc80e005751e277a2ce38e675e4923/numpy-2.4.4-cp314-cp314-win_amd64.whl", hash = "sha256:715d1c092715954784bc79e1174fc2a90093dc4dc84ea15eb14dad8abdcdeb74", size = 12449181, upload-time = "2026-03-29T13:20:59.548Z" },
    { url = "https://files.pythonhosted.org/packages/70/2e/14cda6f4d8e396c612d1bf97f22958e92148801d7e4f110cabebdc0eef4b/numpy-2.4.4-cp314-cp314-win_arm64.whl", hash = "sha256:2c194dd721e54ecad9ad387c1d35e63dce5c4450c6dc7dd5611283dda239aabb", size = 10496035, upload-time = "2026-03-29T13:21:02.524Z" },
    { url = "https://files.pythonhosted.org/packages/b1/e8/8fed8c8d848d7ecea092dc3469643f9d10bc3a134a815a3b033da1d2039b/numpy-2.4.4-cp314-cp314t-macosx_11_0_arm64.whl", hash = "sha256:2aa0613a5177c264ff5921051a5719d20095ea586ca88cc802c5c218d1c67d3e", size = 14824958, upload-time = "2026-03-29T13:21:05.671Z" },
    { url = "https://files.pythonhosted.org/packages/05/1a/d8007a5138c179c2bf33ef44503e83d70434d2642877ee8fbb230e7c0548/numpy-2.4.4-cp314-cp314t-macosx_14_0_arm64.whl", hash = "sha256:42c16925aa5a02362f986765f9ebabf20de75cdefdca827d14315c568dcab113", size = 5330020, upload-time = "2026-03-29T13:21:08.635Z" },
    { url = "https://files.pythonhosted.org/packages/99/64/ffb99ac6ae93faf117bcbd5c7ba48a7f45364a33e8e458545d3633615dda/numpy-2.4.4-cp314-cp314t-macosx_14_0_x86_64.whl", hash = "sha256:874f200b2a981c647340f841730fc3a2b54c9d940566a3c4149099591e2c4c3d", size = 6650758, upload-time = "2026-03-29T13:21:10.949Z" },
    { url = "https://files.pythonhosted.org/packages/6e/6e/795cc078b78a384052e73b2f6281ff7a700e9bf53bcce2ee579d4f6dd879/numpy-2.4.4-cp314-cp314t-manylinux_2_27_aarch64.manylinux_2_28_aarch64.whl", hash = "sha256:c9b39d38a9bd2ae1becd7eac1303d031c5c110ad31f2b319c6e7d98b135c934d", size = 15729948, upload-time = "2026-03-29T13:21:14.047Z" },
    { url = "https://files.pythonhosted.org/packages/5f/86/2acbda8cc2af5f3d7bfc791192863b9e3e19674da7b5e533fded124d1299/numpy-2.4.4-cp314-cp314t-manylinux_2_27_x86_64.manylinux_2_28_x86_64.whl", hash = "sha256:b268594bccac7d7cf5844c7732e3f20c50921d94e36d7ec9b79e9857694b1b2f", size = 16679325, upload-time = "2026-03-29T13:21:17.561Z" },
    { url = "https://files.pythonhosted.org/packages/bc/59/cafd83018f4aa55e0ac6fa92aa066c0a1877b77a615ceff1711c260ffae8/numpy-2.4.4-cp314-cp314t-musllinux_1_2_aarch64.whl", hash = "sha256:ac6b31e35612a26483e20750126d30d0941f949426974cace8e6b5c58a3657b0", size = 17084883, upload-time = "2026-03-29T13:21:21.106Z" },
    { url = "https://files.pythonhosted.org/packages/f0/85/a42548db84e65ece46ab2caea3d3f78b416a47af387fcbb47ec28e660dc2/numpy-2.4.4-cp314-cp314t-musllinux_1_2_x86_64.whl", hash = "sha256:8e3ed142f2728df44263aaf5fb1f5b0b99f4070c553a0d7f033be65338329150", size = 18403474, upload-time = "2026-03-29T13:21:24.828Z" },
    { url = "https://files.pythonhosted.org/packages/ed/ad/483d9e262f4b831000062e5d8a45e342166ec8aaa1195264982bca267e62/numpy-2.4.4-cp314-cp314t-win32.whl", hash = "sha256:dddbbd259598d7240b18c9d87c56a9d2fb3b02fe266f49a7c101532e78c1d871", size = 6155500, upload-time = "2026-03-29T13:21:28.205Z" },
    { url = "https://files.pythonhosted.org/packages/c7/03/2fc4e14c7bd4ff2964b74ba90ecb8552540b6315f201df70f137faa5c589/numpy-2.4.4-cp314-cp314t-win_amd64.whl", hash = "sha256:a7164afb23be6e37ad90b2f10426149fd75aee07ca55653d2aa41e66c4ef697e", size = 12637755, upload-time = "2026-03-29T13:21:31.107Z" },
    { url = "https://files.pythonhosted.org/packages/58/78/548fb8e07b1a341746bfbecb32f2c268470f45fa028aacdbd10d9bc73aab/numpy-2.4.4-cp314-cp314t-win_arm64.whl", hash = "sha256:ba203255017337d39f89bdd58417f03c4426f12beed0440cfd933cb15f8669c7", size = 10566643, upload-time = "2026-03-29T13:21:34.339Z" },
]

[[package]]
name = "onnx-asr"
version = "0.11.0"
source = { registry = "https://pypi.org/simple" }
dependencies = [
    { name = "numpy" },
]
sdist = { url = "https://files.pythonhosted.org/packages/78/f6/b154881761a593312f509522f99542acffa2516f7a1df6ddf5660ad4a162/onnx_asr-0.11.0.tar.gz", hash = "sha256:57ad8d9571dc17db95f0daf9ba432b9472383de320c610735850e56b5375a37d", size = 43665, upload-time = "2026-03-23T02:30:57.349Z" }
wheels = [
    { url = "https://files.pythonhosted.org/packages/82/04/bdffd682cc38b43144b6528186c80451f219a05e3fd0eb331a548f455b9a/onnx_asr-0.11.0-py3-none-any.whl", hash = "sha256:142d8b3ce7716684992826a269304f5ce9cf1c0fe704b751358e223f45d2a5cf", size = 138349, upload-time = "2026-03-23T02:30:58.566Z" },
]

[package.optional-dependencies]
cpu = [
    { name = "onnxruntime" },
]

[[package]]
name = "onnxruntime"
version = "1.24.4"
source = { registry = "https://pypi.org/simple" }
dependencies = [
    { name = "flatbuffers" },
    { name = "numpy" },
    { name = "packaging" },
    { name = "protobuf" },
    { name = "sympy" },
]
wheels = [
    { url = "https://files.pythonhosted.org/packages/e9/f0/8a21ec0a97e40abb7d8da1e8b20fb9e1af509cc6d191f6faa75f73622fb2/onnxruntime-1.24.4-cp313-cp313-macosx_14_0_arm64.whl", hash = "sha256:e99a48078baaefa2b50fe5836c319499f71f13f76ed32d0211f39109147a49e0", size = 17341922, upload-time = "2026-03-17T22:03:56.364Z" },
    { url = "https://files.pythonhosted.org/packages/8b/25/d7908de8e08cee9abfa15b8aa82349b79733ae5865162a3609c11598805d/onnxruntime-1.24.4-cp313-cp313-manylinux_2_27_aarch64.manylinux_2_28_aarch64.whl", hash = "sha256:dc4aaed1e5e1aaacf2343c838a30a7c3ade78f13eeb16817411f929d04040a13", size = 15172290, upload-time = "2026-03-17T22:03:37.124Z" },
    { url = "https://files.pythonhosted.org/packages/7f/72/105ec27a78c5aa0154a7c0cd8c41c19a97799c3b12fc30392928997e3be3/onnxruntime-1.24.4-cp313-cp313-manylinux_2_27_x86_64.manylinux_2_28_x86_64.whl", hash = "sha256:e30c972bc02e072911aabb6891453ec73795386c0af2b761b65444b8a4c4745f", size = 17244738, upload-time = "2026-03-17T22:04:40.625Z" },
    { url = "https://files.pythonhosted.org/packages/05/fb/a592736d968c2f58e12de4d52088dda8e0e724b26ad5c0487263adb45875/onnxruntime-1.24.4-cp313-cp313-win_amd64.whl", hash = "sha256:3b6ba8b0181a3aa88edab00eb01424ffc06f42e71095a91186c2249415fcff93", size = 12597435, upload-time = "2026-03-17T22:05:43.826Z" },
    { url = "https://files.pythonhosted.org/packages/ad/04/ae2479e9841b64bd2eb44f8a64756c62593f896514369a11243b1b86ca5c/onnxruntime-1.24.4-cp313-cp313-win_arm64.whl", hash = "sha256:71d6a5c1821d6e8586a024000ece458db8f2fc0ecd050435d45794827ce81e19", size = 12269852, upload-time = "2026-03-17T22:05:33.353Z" },
    { url = "https://files.pythonhosted.org/packages/b4/af/a479a536c4398ffaf49fbbe755f45d5b8726bdb4335ab31b537f3d7149b8/onnxruntime-1.24.4-cp313-cp313t-manylinux_2_27_aarch64.manylinux_2_28_aarch64.whl", hash = "sha256:1700f559c8086d06b2a4d5de51e62cb4ff5e2631822f71a36db8c72383db71ee", size = 15176861, upload-time = "2026-03-17T22:03:40.143Z" },
    { url = "https://files.pythonhosted.org/packages/be/13/19f5da70c346a76037da2c2851ecbf1266e61d7f0dcdb887c667210d4608/onnxruntime-1.24.4-cp313-cp313t-manylinux_2_27_x86_64.manylinux_2_28_x86_64.whl", hash = "sha256:4c74e268dc808e61e63784d43f9ddcdaf50a776c2819e8bd1d1b11ef64bf7e36", size = 17247454, upload-time = "2026-03-17T22:04:46.643Z" },
    { url = "https://files.pythonhosted.org/packages/89/db/b30dbbd6037847b205ab75d962bc349bf1e46d02a65b30d7047a6893ffd6/onnxruntime-1.24.4-cp314-cp314-macosx_14_0_arm64.whl", hash = "sha256:fbff2a248940e3398ae78374c5a839e49a2f39079b488bc64439fa0ec327a3e4", size = 17343300, upload-time = "2026-03-17T22:03:59.223Z" },
    { url = "https://files.pythonhosted.org/packages/61/88/1746c0e7959961475b84c776d35601a21d445f463c93b1433a409ec3e188/onnxruntime-1.24.4-cp314-cp314-manylinux_2_27_aarch64.manylinux_2_28_aarch64.whl", hash = "sha256:e2b7969e72d8cb53ffc88ab6d49dd5e75c1c663bda7be7eb0ece192f127343d1", size = 15175936, upload-time = "2026-03-17T22:03:43.671Z" },
    { url = "https://files.pythonhosted.org/packages/5f/ba/4699cde04a52cece66cbebc85bd8335a0d3b9ad485abc9a2e15946a1349d/onnxruntime-1.24.4-cp314-cp314-manylinux_2_27_x86_64.manylinux_2_28_x86_64.whl", hash = "sha256:14ed1f197fab812b695a5eaddb536c635e58a2fbbe50a517c78f082cc6ce9177", size = 17246432, upload-time = "2026-03-17T22:04:49.58Z" },
    { url = "https://files.pythonhosted.org/packages/ef/60/4590910841bb28bd3b4b388a9efbedf4e2d2cca99ddf0c863642b4e87814/onnxruntime-1.24.4-cp314-cp314-win_amd64.whl", hash = "sha256:311e309f573bf3c12aa5723e23823077f83d5e412a18499d4485c7eb41040858", size = 12903276, upload-time = "2026-03-17T22:05:46.349Z" },
    { url = "https://files.pythonhosted.org/packages/7f/6f/60e2c0acea1e1ac09b3e794b5a19c166eebf91c0b860b3e6db8e74983fda/onnxruntime-1.24.4-cp314-cp314-win_arm64.whl", hash = "sha256:3f0b910e86b759a4732663ec61fd57ac42ee1b0066f68299de164220b660546d", size = 12594365, upload-time = "2026-03-17T22:05:35.795Z" },
    { url = "https://files.pythonhosted.org/packages/cf/68/0c05d10f8f6c40fe0912ebec0d5a33884aaa2af2053507e864dab0883208/onnxruntime-1.24.4-cp314-cp314t-manylinux_2_27_aarch64.manylinux_2_28_aarch64.whl", hash = "sha256:aa12ddc54c9c4594073abcaa265cd9681e95fb89dae982a6f508a794ca42e661", size = 15176889, upload-time = "2026-03-17T22:03:48.021Z" },
    { url = "https://files.pythonhosted.org/packages/6c/1d/1666dc64e78d8587d168fec4e3b7922b92eb286a2ddeebcf6acb55c7dc82/onnxruntime-1.24.4-cp314-cp314t-manylinux_2_27_x86_64.manylinux_2_28_x86_64.whl", hash = "sha256:e1cc6a518255f012134bc791975a6294806be9a3b20c4a54cca25194c90cf731", size = 17247021, upload-time = "2026-03-17T22:04:52.377Z" },
]

[[package]]
name = "packaging"
version = "26.0"
source = { registry = "https://pypi.org/simple" }
sdist = { url = "https://files.pythonhosted.org/packages/65/ee/299d360cdc32edc7d2cf530f3accf79c4fca01e96ffc950d8a52213bd8e4/packaging-26.0.tar.gz", hash = "sha256:00243ae351a257117b6a241061796684b084ed1c516a08c48a3f7e147a9d80b4", size = 143416, upload-time = "2026-01-21T20:50:39.064Z" }
wheels = [
    { url = "https://files.pythonhosted.org/packages/b7/b9/c538f279a4e237a006a2c98387d081e9eb060d203d8ed34467cc0f0b9b53/packaging-26.0-py3-none-any.whl", hash = "sha256:b36f1fef9334a5588b4166f8bcd26a14e521f2b55e6b9de3aaa80d3ff7a37529", size = 74366, upload-time = "2026-01-21T20:50:37.788Z" },
]

[[package]]
name = "protobuf"
version = "7.34.1"
source = { registry = "https://pypi.org/simple" }
sdist = { url = "https://files.pythonhosted.org/packages/6b/6b/a0e95cad1ad7cc3f2c6821fcab91671bd5b78bd42afb357bb4765f29bc41/protobuf-7.34.1.tar.gz", hash = "sha256:9ce42245e704cc5027be797c1db1eb93184d44d1cdd71811fb2d9b25ad541280", size = 454708, upload-time = "2026-03-20T17:34:47.036Z" }
wheels = [
    { url = "https://files.pythonhosted.org/packages/ec/11/3325d41e6ee15bf1125654301211247b042563bcc898784351252549a8ad/protobuf-7.34.1-cp310-abi3-macosx_10_9_universal2.whl", hash = "sha256:d8b2cc79c4d8f62b293ad9b11ec3aebce9af481fa73e64556969f7345ebf9fc7", size = 429247, upload-time = "2026-03-20T17:34:37.024Z" },
    { url = "https://files.pythonhosted.org/packages/eb/9d/aa69df2724ff63efa6f72307b483ce0827f4347cc6d6df24b59e26659fef/protobuf-7.34.1-cp310-abi3-manylinux2014_aarch64.whl", hash = "sha256:5185e0e948d07abe94bb76ec9b8416b604cfe5da6f871d67aad30cbf24c3110b", size = 325753, upload-time = "2026-03-20T17:34:38.751Z" },
    { url = "https://files.pythonhosted.org/packages/92/e8/d174c91fd48e50101943f042b09af9029064810b734e4160bbe282fa1caa/protobuf-7.34.1-cp310-abi3-manylinux2014_s390x.whl", hash = "sha256:403b093a6e28a960372b44e5eb081775c9b056e816a8029c61231743d63f881a", size = 340198, upload-time = "2026-03-20T17:34:39.871Z" },
    { url = "https://files.pythonhosted.org/packages/53/1b/3b431694a4dc6d37b9f653f0c64b0a0d9ec074ee810710c0c3da21d67ba7/protobuf-7.34.1-cp310-abi3-manylinux2014_x86_64.whl", hash = "sha256:8ff40ce8cd688f7265326b38d5a1bed9bfdf5e6723d49961432f83e21d5713e4", size = 324267, upload-time = "2026-03-20T17:34:41.1Z" },
    { url = "https://files.pythonhosted.org/packages/85/29/64de04a0ac142fb685fd09999bc3d337943fb386f3a0ec57f92fd8203f97/protobuf-7.34.1-cp310-abi3-win32.whl", hash = "sha256:34b84ce27680df7cca9f231043ada0daa55d0c44a2ddfaa58ec1d0d89d8bf60a", size = 426628, upload-time = "2026-03-20T17:34:42.536Z" },
    { url = "https://files.pythonhosted.org/packages/4d/87/cb5e585192a22b8bd457df5a2c16a75ea0db9674c3a0a39fc9347d84e075/protobuf-7.34.1-cp310-abi3-win_amd64.whl", hash = "sha256:e97b55646e6ce5cbb0954a8c28cd39a5869b59090dfaa7df4598a7fba869468c", size = 437901, upload-time = "2026-03-20T17:34:44.112Z" },
    { url = "https://files.pythonhosted.org/packages/88/95/608f665226bca68b736b79e457fded9a2a38c4f4379a4a7614303d9db3bc/protobuf-7.34.1-py3-none-any.whl", hash = "sha256:bb3812cd53aefea2b028ef42bd780f5b96407247f20c6ef7c679807e9d188f11", size = 170715, upload-time = "2026-03-20T17:34:45.384Z" },
]

[[package]]
name = "pyqt6"
version = "6.11.0"
source = { registry = "https://pypi.org/simple" }
dependencies = [
    { name = "pyqt6-qt6" },
    { name = "pyqt6-sip" },
]
sdist = { url = "https://files.pythonhosted.org/packages/8b/47/b25c13eca5bebc6505394d0223e46d7ebf0c57dcac2ed908d7d19b18ab6b/pyqt6-6.11.0.tar.gz", hash = "sha256:45dd60aa69976de1918b5ced6b4e7b6a25abd2a919ecef5fd5826ecc76718889", size = 1087430, upload-time = "2026-03-30T09:16:13.543Z" }
wheels = [
    { url = "https://files.pythonhosted.org/packages/33/44/fcd3dd3f64c83c96bf9bce76ec16cca64bd9b91702c3d08fd8e3dafc73d9/pyqt6-6.11.0-cp310-abi3-macosx_10_14_universal2.whl", hash = "sha256:f7100bc7f72b12581ec479a733f4ad11b8002668e6786e8a445ab6f4d1c743d4", size = 12429735, upload-time = "2026-03-30T09:16:03.713Z" },
    { url = "https://files.pythonhosted.org/packages/c3/a0/bd1399740dfa80c0a94d20b02d89962a31458233dcf70eaa09bfbccf3d0f/pyqt6-6.11.0-cp310-abi3-manylinux_2_34_x86_64.whl", hash = "sha256:8555277989fa7d114cb3c3443fd261d566909f7268ceedd41d93a5f02d37ec05", size = 8334632, upload-time = "2026-03-30T09:16:06.066Z" },
    { url = "https://files.pythonhosted.org/packages/d3/db/425b184ac2430ba1978bb507ffd285ec007a872644e2ae5df13332dbcb05/pyqt6-6.11.0-cp310-abi3-manylinux_2_39_aarch64.whl", hash = "sha256:0734959955adde095af9a074213a7f73386d1bbbddfc27346b4c0621641a692e", size = 8321484, upload-time = "2026-03-30T09:16:08.135Z" },
    { url = "https://files.pythonhosted.org/packages/6f/85/dd9f03d78d87460e109e0121cd6201c5802bdd655656bf2780e964870fea/pyqt6-6.11.0-cp310-abi3-win_amd64.whl", hash = "sha256:bd11b459c54dca068e988a42cf838303334f0d441b9d16d92ae6719fcb5ac6ba", size = 6844358, upload-time = "2026-03-30T09:16:09.766Z" },
    { url = "https://files.pythonhosted.org/packages/cd/75/970b041bde4372cc6739c5ef9db1de83a6b36e788e4992e598baa35b2255/pyqt6-6.11.0-cp310-abi3-win_arm64.whl", hash = "sha256:b6324e3501b19b4292c7a55b1f22e82d3e80e519e383ce4fe79b4a754c6f0288", size = 5933984, upload-time = "2026-03-30T09:16:11.817Z" },
]

[[package]]
name = "pyqt6-qt6"
version = "6.11.0"
source = { registry = "https://pypi.org/simple" }
wheels = [
    { url = "https://files.pythonhosted.org/packages/eb/5e/9e65b87ba746bb3a2ee81d6f3b2a8a7a4dfc33335c0a6afa15e8621e5fe9/pyqt6_qt6-6.11.0-py3-none-macosx_10_14_x86_64.whl", hash = "sha256:447b04baf9bfd800410dc6a3b6faf24a2b754bd6e1c5d0dc609e6935362828f3", size = 70238920, upload-time = "2026-03-24T15:01:22.753Z" },
    { url = "https://files.pythonhosted.org/packages/eb/b2/a15f88a0d9f550b9581592f79fb64b827ab3d3343cbb2af05912e6c77d26/pyqt6_qt6-6.11.0-py3-none-macosx_11_0_arm64.whl", hash = "sha256:b510d0cb8f4d3f4306b6ff33a63234139c9c87c160909d3853e4deb1094782c2", size = 64036460, upload-time = "2026-03-24T15:01:42.951Z" },
    { url = "https://files.pythonhosted.org/packages/b5/f9/99696e6b2325ae54868111f581c59a8a6283b8f21bc931837f49093bc582/pyqt6_qt6-6.11.0-py3-none-manylinux_2_34_x86_64.whl", hash = "sha256:c2c3a14714536256a9fd761a8ac8e030dfed7b991200a220ca79d399fcc3d265", size = 85757517, upload-time = "2026-03-24T15:02:11.86Z" },
    { url = "https://files.pythonhosted.org/packages/9d/3c/a420d08723d4ab1998afead3e6f643333e93a9eadfde3486bdec25acfff0/pyqt6_qt6-6.11.0-py3-none-manylinux_2_39_aarch64.whl", hash = "sha256:acc5b78d7f718a5642f14b37928e074b048751cc86edb4c539e4425bfbd26827", size = 84854032, upload-time = "2026-03-24T15:03:26.991Z" },
    { url = "https://files.pythonhosted.org/packages/36/cd/da0147d331b44587a7214c7f59719ac4f8e9433b268016962b02067007d1/pyqt6_qt6-6.11.0-py3-none-win_amd64.whl", hash = "sha256:b0e42629cef2575f2178aaeb32b0e539291df869f91f4df48983da3ccaad05af", size = 78309473, upload-time = "2026-03-24T15:03:53.396Z" },
    { url = "https://files.pythonhosted.org/packages/72/9a/8d09ca47a61c2504b49e16c97ccde99b120ceec323d97f7ca776f8331213/pyqt6_qt6-6.11.0-py3-none-win_arm64.whl", hash = "sha256:bcfa594171408319935c25afc7f82a3ae3ba90678ea194631bbca1c6f68daa6d", size = 59848654, upload-time = "2026-03-24T15:04:18.117Z" },
]

[[package]]
name = "pyqt6-sip"
version = "13.11.1"
source = { registry = "https://pypi.org/simple" }
sdist = { url = "https://files.pythonhosted.org/packages/90/24/a753e1af94b9ae5b2da63d4598457308da3cdbf0838c959381db086ccc86/pyqt6_sip-13.11.1.tar.gz", hash = "sha256:869c5b48afe38e55b1ee0dd72182b0886e968cc509b98023ff50010b013ce1be", size = 92574, upload-time = "2026-03-09T13:01:35.418Z" }
wheels = [
    { url = "https://files.pythonhosted.org/packages/ee/0b/dc76c463c203e630b2c6417d4d5e337e919a265ac1c10127ef413551f5de/pyqt6_sip-13.11.1-cp313-cp313-macosx_10_13_universal2.whl", hash = "sha256:0c6d097aae7df312519e2b36e001bd796f6a2ce060ab8b9ed793daa8f407fe2e", size = 112552, upload-time = "2026-03-09T13:01:21.493Z" },
    { url = "https://files.pythonhosted.org/packages/d4/e3/65b605759859d38231ce7544065d4c61f891eb7766c351318e2a0b08a473/pyqt6_sip-13.11.1-cp313-cp313-manylinux1_x86_64.manylinux_2_5_x86_64.whl", hash = "sha256:a72f4ebdab16a8a484019ff593de90d8013d3286b678c6ba1c0bdb117f4fcb13", size = 299932, upload-time = "2026-03-09T13:01:24.912Z" },
    { url = "https://files.pythonhosted.org/packages/60/f7/c10d2dd5bf503a1de83bd163467bd323f12af016866c2814743b5b1efe1c/pyqt6_sip-13.11.1-cp313-cp313-manylinux_2_17_aarch64.manylinux2014_aarch64.whl", hash = "sha256:b68e442efc4275651bf63f2c43713e242924fd948909e31cf8f20d783ca505e9", size = 321497, upload-time = "2026-03-09T13:01:22.724Z" },
    { url = "https://files.pythonhosted.org/packages/e1/1f/e7e5ad77a76c00db5c8c1b9960f2b0672ec1978b971bb3509858cd7a9458/pyqt6_sip-13.11.1-cp313-cp313-win_amd64.whl", hash = "sha256:ca24bfd4d5d8274e338433df9ac41930650088c00018d3313c6bd8de21772a02", size = 53371, upload-time = "2026-03-09T13:01:26.286Z" },
    { url = "https://files.pythonhosted.org/packages/36/ef/a7acaf44980aed6fe26f1320e265db528fecb6a47ac67829c7cd011e9821/pyqt6_sip-13.11.1-cp313-cp313-win_arm64.whl", hash = "sha256:f532144c43f2fddcccf2e25df50cdb4a744edb4ce4ba5ed2d0f2cef825197f2f", size = 48745, upload-time = "2026-03-09T13:01:27.212Z" },
    { url = "https://files.pythonhosted.org/packages/20/1d/62c633faedef5bb3b8c7486a72e8a6466adaa2a14efcfccf85bb23426748/pyqt6_sip-13.11.1-cp314-cp314-macosx_10_15_universal2.whl", hash = "sha256:cb931c1af45294bbe8039c5cfda184e3023f5dc766fc884964010eedd8fd85db", size = 112678, upload-time = "2026-03-09T13:01:28.15Z" },
    { url = "https://files.pythonhosted.org/packages/03/72/5a3d9ffef0caa7e1bc7a35d6300f6099bfccd1d8a485b4320ba20013a2d9/pyqt6_sip-13.11.1-cp314-cp314-manylinux1_x86_64.manylinux_2_5_x86_64.whl", hash = "sha256:353d613129316e9f7eda6bbe821deb7b7ffa14483499189171fd8a246873f9ac", size = 299560, upload-time = "2026-03-09T13:01:32.134Z" },
    { url = "https://files.pythonhosted.org/packages/98/f4/886f901f1e04da717a11e180ba19a9c7fc62da170966d57206006f173bda/pyqt6_sip-13.11.1-cp314-cp314-manylinux_2_17_aarch64.manylinux2014_aarch64.whl", hash = "sha256:fcadd68e09ee24cdda8f8bfcba52e59c9b297055d2c450f0eb89afa61a8dc31a", size = 321846, upload-time = "2026-03-09T13:01:29.817Z" },
    { url = "https://files.pythonhosted.org/packages/96/f2/b68fd566f7f86dbb53d933489e70487cabaea0e0161690e4899653bbc7fb/pyqt6_sip-13.11.1-cp314-cp314-win_amd64.whl", hash = "sha256:581e287bf42587593b88b30d9db06ed0fccbf40f345a5bd3ec3f00a5692e2430", size = 55055, upload-time = "2026-03-09T13:01:33.467Z" },
    { url = "https://files.pythonhosted.org/packages/8d/42/efb7ced69f7d1d31eb8f19b2d778aeb182be7e070569d02b9057ac478e3e/pyqt6_sip-13.11.1-cp314-cp314-win_arm64.whl", hash = "sha256:42b62530a9b6a9c6e29c2941b8ab78258652da0aeae4eb1fc9a0631d19a7a7b2", size = 49597, upload-time = "2026-03-09T13:01:34.49Z" },
]

[[package]]
name = "sympy"
version = "1.14.0"
source = { registry = "https://pypi.org/simple" }
dependencies = [
    { name = "mpmath" },
]
sdist = { url = "https://files.pythonhosted.org/packages/83/d3/803453b36afefb7c2bb238361cd4ae6125a569b4db67cd9e79846ba2d68c/sympy-1.14.0.tar.gz", hash = "sha256:d3d3fe8df1e5a0b42f0e7bdf50541697dbe7d23746e894990c030e2b05e72517", size = 7793921, upload-time = "2025-04-27T18:05:01.611Z" }
wheels = [
    { url = "https://files.pythonhosted.org/packages/a2/09/77d55d46fd61b4a135c444fc97158ef34a095e5681d0a6c10b75bf356191/sympy-1.14.0-py3-none-any.whl", hash = "sha256:e091cc3e99d2141a0ba2847328f5479b05d94a6635cb96148ccb3f34671bd8f5", size = 6299353, upload-time = "2025-04-27T18:04:59.103Z" },
]
